
Microsoft Visual Studio Solution File, Format Version 12.00
# Visual Studio Version 17
VisualStudioVersion = 17.0.31903.59
MinimumVisualStudioVersion = 10.0.40219.1
Project("{2150E333-8FDC-42A3-9474-1A3956D46DE8}") = "src", "src", "{827E0CD3-B72D-47B6-A68D-7590B98EB39B}"
EndProject
Project("{FAE04EC0-301F-11D3-BF4B-00C04F79EFBC}") = "ToDoList.WebApi", "src\ToDoList.WebApi\ToDoList.WebApi.csproj", "{EF0E151B-0398-4F25-BF4D-B1DD7635E8C4}"
EndProject
Project("{FAE04EC0-301F-11D3-BF4B-00C04F79EFBC}") = "ToDoList.Domain", "src\ToDoList.Domain\ToDoList.Domain.csproj", "{5F512821-626D-4E2C-BDAE-4BCCA4982549}"
EndProject
Project("{2150E333-8FDC-42A3-9474-1A3956D46DE8}") = "tests", "tests", "{0AB3BF05-4346-4AA6-1389-037BE0695223}"
EndProject
Project("{FAE04EC0-301F-11D3-BF4B-00C04F79EFBC}") = "ToDoList.Test", "tests\ToDoList.Test\ToDoList.Test.csproj", "{3E080410-0A32-4137-98AE-C2542577C575}"
EndProject
Project("{FAE04EC0-301F-11D3-BF4B-00C04F79EFBC}") = "ToDoList.Persistence", "src\ToDoList.Persistence\ToDoList.Persistence.csproj", "{B7750D45-94BF-4C02-957D-FBAC2EDF01A3}"
EndProject
Global
	GlobalSection(SolutionConfigurationPlatforms) = preSolution
		Debug|Any CPU = Debug|Any CPU
		Debug|x64 = Debug|x64
		Debug|x86 = Debug|x86
		Release|Any CPU = Release|Any CPU
		Release|x64 = Release|x64
		Release|x86 = Release|x86
	EndGlobalSection
	GlobalSection(ProjectConfigurationPlatforms) = postSolution
		{EF0E151B-0398-4F25-BF4D-B1DD7635E8C4}.Debug|Any CPU.ActiveCfg = Debug|Any CPU
		{EF0E151B-0398-4F25-BF4D-B1DD7635E8C4}.Debug|Any CPU.Build.0 = Debug|Any CPU
		{EF0E151B-0398-4F25-BF4D-B1DD7635E8C4}.Debug|x64.ActiveCfg = Debug|Any CPU
		{EF0E151B-0398-4F25-BF4D-B1DD7635E8C4}.Debug|x64.Build.0 = Debug|Any CPU
		{EF0E151B-0398-4F25-BF4D-B1DD7635E8C4}.Debug|x86.ActiveCfg = Debug|Any CPU
		{EF0E151B-0398-4F25-BF4D-B1DD7635E8C4}.Debug|x86.Build.0 = Debug|Any CPU
		{EF0E151B-0398-4F25-BF4D-B1DD7635E8C4}.Release|Any CPU.ActiveCfg = Release|Any CPU
		{EF0E151B-0398-4F25-BF4D-B1DD7635E8C4}.Release|Any CPU.Build.0 = Release|Any CPU
		{EF0E151B-0398-4F25-BF4D-B1DD7635E8C4}.Release|x64.ActiveCfg = Release|Any CPU
		{EF0E151B-0398-4F25-BF4D-B1DD7635E8C4}.Release|x64.Build.0 = Release|Any CPU
		{EF0E151B-0398-4F25-BF4D-B1DD7635E8C4}.Release|x86.ActiveCfg = Release|Any CPU
		{EF0E151B-0398-4F25-BF4D-B1DD7635E8C4}.Release|x86.Build.0 = Release|Any CPU
		{5F512821-626D-4E2C-BDAE-4BCCA4982549}.Debug|Any CPU.ActiveCfg = Debug|Any CPU
		{5F512821-626D-4E2C-BDAE-4BCCA4982549}.Debug|Any CPU.Build.0 = Debug|Any CPU
		{5F512821-626D-4E2C-BDAE-4BCCA4982549}.Debug|x64.ActiveCfg = Debug|Any CPU
		{5F512821-626D-4E2C-BDAE-4BCCA4982549}.Debug|x64.Build.0 = Debug|Any CPU
		{5F512821-626D-4E2C-BDAE-4BCCA4982549}.Debug|x86.ActiveCfg = Debug|Any CPU
		{5F512821-626D-4E2C-BDAE-4BCCA4982549}.Debug|x86.Build.0 = Debug|Any CPU
		{5F512821-626D-4E2C-BDAE-4BCCA4982549}.Release|Any CPU.ActiveCfg = Release|Any CPU
		{5F512821-626D-4E2C-BDAE-4BCCA4982549}.Release|Any CPU.Build.0 = Release|Any CPU
		{5F512821-626D-4E2C-BDAE-4BCCA4982549}.Release|x64.ActiveCfg = Release|Any CPU
		{5F512821-626D-4E2C-BDAE-4BCCA4982549}.Release|x64.Build.0 = Release|Any CPU
		{5F512821-626D-4E2C-BDAE-4BCCA4982549}.Release|x86.ActiveCfg = Release|Any CPU
		{5F512821-626D-4E2C-BDAE-4BCCA4982549}.Release|x86.Build.0 = Release|Any CPU
		{3E080410-0A32-4137-98AE-C2542577C575}.Debug|Any CPU.ActiveCfg = Debug|Any CPU
		{3E080410-0A32-4137-98AE-C2542577C575}.Debug|Any CPU.Build.0 = Debug|Any CPU
		{3E080410-0A32-4137-98AE-C2542577C575}.Debug|x64.ActiveCfg = Debug|Any CPU
		{3E080410-0A32-4137-98AE-C2542577C575}.Debug|x64.Build.0 = Debug|Any CPU
		{3E080410-0A32-4137-98AE-C2542577C575}.Debug|x86.ActiveCfg = Debug|Any CPU
		{3E080410-0A32-4137-98AE-C2542577C575}.Debug|x86.Build.0 = Debug|Any CPU
		{3E080410-0A32-4137-98AE-C2542577C575}.Release|Any CPU.ActiveCfg = Release|Any CPU
		{3E080410-0A32-4137-98AE-C2542577C575}.Release|Any CPU.Build.0 = Release|Any CPU
		{3E080410-0A32-4137-98AE-C2542577C575}.Release|x64.ActiveCfg = Release|Any CPU
		{3E080410-0A32-4137-98AE-C2542577C575}.Release|x64.Build.0 = Release|Any CPU
		{3E080410-0A32-4137-98AE-C2542577C575}.Release|x86.ActiveCfg = Release|Any CPU
		{3E080410-0A32-4137-98AE-C2542577C575}.Release|x86.Build.0 = Release|Any CPU
		{B7750D45-94BF-4C02-957D-FBAC2EDF01A3}.Debug|Any CPU.ActiveCfg = Debug|Any CPU
		{B7750D45-94BF-4C02-957D-FBAC2EDF01A3}.Debug|Any CPU.Build.0 = Debug|Any CPU
		{B7750D45-94BF-4C02-957D-FBAC2EDF01A3}.Debug|x64.ActiveCfg = Debug|Any CPU
		{B7750D45-94BF-4C02-957D-FBAC2EDF01A3}.Debug|x64.Build.0 = Debug|Any CPU
		{B7750D45-94BF-4C02-957D-FBAC2EDF01A3}.Debug|x86.ActiveCfg = Debug|Any CPU
		{B7750D45-94BF-4C02-957D-FBAC2EDF01A3}.Debug|x86.Build.0 = Debug|Any CPU
		{B7750D45-94BF-4C02-957D-FBAC2EDF01A3}.Release|Any CPU.ActiveCfg = Release|Any CPU
		{B7750D45-94BF-4C02-957D-FBAC2EDF01A3}.Release|Any CPU.Build.0 = Release|Any CPU
		{B7750D45-94BF-4C02-957D-FBAC2EDF01A3}.Release|x64.ActiveCfg = Release|Any CPU
		{B7750D45-94BF-4C02-957D-FBAC2EDF01A3}.Release|x64.Build.0 = Release|Any CPU
		{B7750D45-94BF-4C02-957D-FBAC2EDF01A3}.Release|x86.ActiveCfg = Release|Any CPU
		{B7750D45-94BF-4C02-957D-FBAC2EDF01A3}.Release|x86.Build.0 = Release|Any CPU
	EndGlobalSection
	GlobalSection(SolutionProperties) = preSolution
		HideSolutionNode = FALSE
	EndGlobalSection
	GlobalSection(NestedProjects) = preSolution
		{EF0E151B-0398-4F25-BF4D-B1DD7635E8C4} = {827E0CD3-B72D-47B6-A68D-7590B98EB39B}
		{5F512821-626D-4E2C-BDAE-4BCCA4982549} = {827E0CD3-B72D-47B6-A68D-7590B98EB39B}
		{3E080410-0A32-4137-98AE-C2542577C575} = {0AB3BF05-4346-4AA6-1389-037BE0695223}
		{B7750D45-94BF-4C02-957D-FBAC2EDF01A3} = {827E0CD3-B72D-47B6-A68D-7590B98EB39B}
	EndGlobalSection
EndGlobal
